{
  "name": "service1",
  "version": "1.0.0",
  "lockfileVersion": 2,
  "requires": true,
  "packages": {
    "": {
      "name": "service1",
      "version": "1.0.0",
      "license": "ISC",
      "dependencies": {
        "service1": "file:"
      }
    },
    "node_modules/service1": {
      "resolved": "",
      "link": true
    }
  },
  "dependencies": {
    "service1": {
      "version": "file:",
      "requires": {
        "service1": "file:"
      }
    }
  }
}
